
Microsoft Visual Studio Solution File, Format Version 11.00
# Visual Studio 2010
Project("{8BC9CEB8-8B4A-11D0-8D11-00A0C91BC942}") = "SeqStack", "SeqStack\SeqStack.vcxproj", "{7051C89C-985D-4145-8DEB-C7098ACF4526}"
EndProject
Global
	GlobalSection(SolutionConfigurationPlatforms) = preSolution
		Debug|Win32 = Debug|Win32
		Release|Win32 = Release|Win32
	EndGlobalSection
	GlobalSection(ProjectConfigurationPlatforms) = postSolution
		{7051C89C-985D-4145-8DEB-C7098ACF4526}.Debug|Win32.ActiveCfg = Debug|Win32
		{7051C89C-985D-4145-8DEB-C7098ACF4526}.Debug|Win32.Build.0 = Debug|Win32
		{7051C89C-985D-4145-8DEB-C7098ACF4526}.Release|Win32.ActiveCfg = Release|Win32
		{7051C89C-985D-4145-8DEB-C7098ACF4526}.Release|Win32.Build.0 = Release|Win32
	EndGlobalSection
	GlobalSection(SolutionProperties) = preSolution
		HideSolutionNode = FALSE
	EndGlobalSection
EndGlobal
