<?xml version="1.0" encoding="utf-8"?>
<Project ToolsVersion="4.0" xmlns="http://schemas.microsoft.com/developer/msbuild/2003">
  <ItemGroup>
    <Filter Include="源文件">
      <UniqueIdentifier>{4FC737F1-C7A5-4376-A066-2A32D752A2FF}</UniqueIdentifier>
      <Extensions>cpp;c;cc;cxx;def;odl;idl;hpj;bat;asm;asmx</Extensions>
    </Filter>
    <Filter Include="头文件">
      <UniqueIdentifier>{93995380-89BD-4b04-88EB-625FBE52EBFB}</UniqueIdentifier>
      <Extensions>h;hpp;hxx;hm;inl;inc;xsd</Extensions>
    </Filter>
    <Filter Include="资源文件">
      <UniqueIdentifier>{67DA6AB6-F800-4c08-8B7A-83BB121AAD01}</UniqueIdentifier>
      <Extensions>rc;ico;cur;bmp;dlg;rc2;rct;bin;rgs;gif;jpg;jpeg;jpe;resx;tiff;tif;png;wav;mfcribbon-ms</Extensions>
    </Filter>
  </ItemGroup>
  <ItemGroup>
    <ClCompile Include="demo01.c">
      <Filter>源文件</Filter>
    </ClCompile>
    <ClCompile Include="demo02_数据类型.c">
      <Filter>源文件</Filter>
    </ClCompile>
    <ClCompile Include="demo03_间接指针.c">
      <Filter>源文件</Filter>
    </ClCompile>
    <ClCompile Include="demo04_内存四区.c">
      <Filter>源文件</Filter>
    </ClCompile>
    <ClCompile Include="demo05_堆栈的生长方向.c">
      <Filter>源文件</Filter>
    </ClCompile>
    <ClCompile Include="demo06_指针铁律1.c">
      <Filter>源文件</Filter>
    </ClCompile>
    <ClCompile Include="demo06_指针铁律102.c">
      <Filter>源文件</Filter>
    </ClCompile>
    <ClCompile Include="demo07_指针铁律201.c">
      <Filter>源文件</Filter>
    </ClCompile>
    <ClCompile Include="demo08_字符串课堂操练.c">
      <Filter>源文件</Filter>
    </ClCompile>
    <ClCompile Include="demo09_字符串copy.c">
      <Filter>源文件</Filter>
    </ClCompile>
    <ClCompile Include="demo09_字符串工具.c">
      <Filter>源文件</Filter>
    </ClCompile>
    <ClCompile Include="demo10_两头堵.c">
      <Filter>源文件</Filter>
    </ClCompile>
    <ClCompile Include="demo11_字符串反转.c">
      <Filter>源文件</Filter>
    </ClCompile>
    <ClCompile Include="demo12_字符串练习.c">
      <Filter>源文件</Filter>
    </ClCompile>
    <ClCompile Include="demo13_字符串.c">
      <Filter>源文件</Filter>
    </ClCompile>
    <ClCompile Include="demo14_keyval.c">
      <Filter>源文件</Filter>
    </ClCompile>
  </ItemGroup>
  <ItemGroup>
    <ClInclude Include="..\..\..\..\..\c++\havaread\20140417\cltsocket02.h">
      <Filter>头文件</Filter>
    </ClInclude>
    <ClInclude Include="..\..\..\..\..\c++\havaread\20140417\cltsocket01.h">
      <Filter>头文件</Filter>
    </ClInclude>
  </ItemGroup>
</Project>